
Microsoft Visual Studio Solution File, Format Version 12.00
# Visual Studio Version 16
VisualStudioVersion = 16.0.30503.244
MinimumVisualStudioVersion = 10.0.40219.1
Project("{FAE04EC0-301F-11D3-BF4B-00C04F79EFBC}") = "Netfolder Server", "Netfolder Server\Netfolder Server.csproj", "{C17A4C7A-07F7-4D85-9912-4ADDA1F64A5F}"
EndProject
Project("{FAE04EC0-301F-11D3-BF4B-00C04F79EFBC}") = "Netfolder Client", "Netfolder Client\Netfolder Client.csproj", "{87B15536-594E-45AD-BD93-45AF527DFDDA}"
EndProject
Global
	GlobalSection(SolutionConfigurationPlatforms) = preSolution
		Debug|Any CPU = Debug|Any CPU
		Release|Any CPU = Release|Any CPU
	EndGlobalSection
	GlobalSection(ProjectConfigurationPlatforms) = postSolution
		{C17A4C7A-07F7-4D85-9912-4ADDA1F64A5F}.Debug|Any CPU.ActiveCfg = Debug|Any CPU
		{C17A4C7A-07F7-4D85-9912-4ADDA1F64A5F}.Debug|Any CPU.Build.0 = Debug|Any CPU
		{C17A4C7A-07F7-4D85-9912-4ADDA1F64A5F}.Release|Any CPU.ActiveCfg = Release|Any CPU
		{C17A4C7A-07F7-4D85-9912-4ADDA1F64A5F}.Release|Any CPU.Build.0 = Release|Any CPU
		{87B15536-594E-45AD-BD93-45AF527DFDDA}.Debug|Any CPU.ActiveCfg = Debug|Any CPU
		{87B15536-594E-45AD-BD93-45AF527DFDDA}.Debug|Any CPU.Build.0 = Debug|Any CPU
		{87B15536-594E-45AD-BD93-45AF527DFDDA}.Release|Any CPU.ActiveCfg = Release|Any CPU
		{87B15536-594E-45AD-BD93-45AF527DFDDA}.Release|Any CPU.Build.0 = Release|Any CPU
	EndGlobalSection
	GlobalSection(SolutionProperties) = preSolution
		HideSolutionNode = FALSE
	EndGlobalSection
	GlobalSection(ExtensibilityGlobals) = postSolution
		SolutionGuid = {99E6B816-85AB-4AF7-8FEA-25304C31BA4B}
	EndGlobalSection
EndGlobal
